
Microsoft Visual Studio Solution File, Format Version 12.00
# Visual Studio 15
VisualStudioVersion = 15.0.27130.2010
MinimumVisualStudioVersion = 10.0.40219.1
Project("{FAE04EC0-301F-11D3-BF4B-00C04F79EFBC}") = "TicketingSystem", "TicketingSystem\TicketingSystem.csproj", "{35F22DD1-92F7-4270-A321-FF5E5A2C54E4}"
EndProject
Global
	GlobalSection(SolutionConfigurationPlatforms) = preSolution
		Debug|Any CPU = Debug|Any CPU
		Release|Any CPU = Release|Any CPU
	EndGlobalSection
	GlobalSection(ProjectConfigurationPlatforms) = postSolution
		{35F22DD1-92F7-4270-A321-FF5E5A2C54E4}.Debug|Any CPU.ActiveCfg = Debug|Any CPU
		{35F22DD1-92F7-4270-A321-FF5E5A2C54E4}.Debug|Any CPU.Build.0 = Debug|Any CPU
		{35F22DD1-92F7-4270-A321-FF5E5A2C54E4}.Release|Any CPU.ActiveCfg = Release|Any CPU
		{35F22DD1-92F7-4270-A321-FF5E5A2C54E4}.Release|Any CPU.Build.0 = Release|Any CPU
	EndGlobalSection
	GlobalSection(SolutionProperties) = preSolution
		HideSolutionNode = FALSE
	EndGlobalSection
	GlobalSection(ExtensibilityGlobals) = postSolution
		SolutionGuid = {C59BE83A-B045-4857-A05E-63DA4A6C365C}
	EndGlobalSection
EndGlobal
